
Microsoft Visual Studio Solution File, Format Version 12.00
# Visual Studio 2012
Project("{FAE04EC0-301F-11D3-BF4B-00C04F79EFBC}") = "HRM+", "HRM+.csproj", "{F2F12A19-82E6-4521-81CC-394738185170}"
EndProject
Project("{FAE04EC0-301F-11D3-BF4B-00C04F79EFBC}") = "Database", "FrameWork\Database\Database.csproj", "{0168274B-58EF-4295-AAB0-9CCD3B80A6B2}"
EndProject
Project("{FAE04EC0-301F-11D3-BF4B-00C04F79EFBC}") = "Attendance", "Attendance\Attendance.csproj", "{FB2296DF-7194-4EF9-ADE2-A4F320DA1C7A}"
EndProject
Project("{FAE04EC0-301F-11D3-BF4B-00C04F79EFBC}") = "Common", "Common\Common.csproj", "{13E7D25B-E865-44C9-BAFB-EE66C45F75A5}"
EndProject
Project("{FAE04EC0-301F-11D3-BF4B-00C04F79EFBC}") = "Personnel", "Personnel\Personnel.csproj", "{5A7CF656-4088-4887-A2DC-C9D62C289273}"
EndProject
Global
	GlobalSection(SolutionConfigurationPlatforms) = preSolution
		Debug|Any CPU = Debug|Any CPU
		Debug|x64 = Debug|x64
		Debug|x86 = Debug|x86
		Release|Any CPU = Release|Any CPU
		Release|x64 = Release|x64
		Release|x86 = Release|x86
		X64|Any CPU = X64|Any CPU
		X64|x64 = X64|x64
		X64|x86 = X64|x86
	EndGlobalSection
	GlobalSection(ProjectConfigurationPlatforms) = postSolution
		{F2F12A19-82E6-4521-81CC-394738185170}.Debug|Any CPU.ActiveCfg = Debug|Any CPU
		{F2F12A19-82E6-4521-81CC-394738185170}.Debug|Any CPU.Build.0 = Debug|Any CPU
		{F2F12A19-82E6-4521-81CC-394738185170}.Debug|x64.ActiveCfg = Debug|Any CPU
		{F2F12A19-82E6-4521-81CC-394738185170}.Debug|x86.ActiveCfg = Debug|Any CPU
		{F2F12A19-82E6-4521-81CC-394738185170}.Debug|x86.Build.0 = Debug|Any CPU
		{F2F12A19-82E6-4521-81CC-394738185170}.Release|Any CPU.ActiveCfg = Release|Any CPU
		{F2F12A19-82E6-4521-81CC-394738185170}.Release|Any CPU.Build.0 = Release|Any CPU
		{F2F12A19-82E6-4521-81CC-394738185170}.Release|x64.ActiveCfg = Release|Any CPU
		{F2F12A19-82E6-4521-81CC-394738185170}.Release|x86.ActiveCfg = Release|Any CPU
		{F2F12A19-82E6-4521-81CC-394738185170}.X64|Any CPU.ActiveCfg = Release|Any CPU
		{F2F12A19-82E6-4521-81CC-394738185170}.X64|Any CPU.Build.0 = Release|Any CPU
		{F2F12A19-82E6-4521-81CC-394738185170}.X64|x64.ActiveCfg = Release|Any CPU
		{F2F12A19-82E6-4521-81CC-394738185170}.X64|x86.ActiveCfg = Release|Any CPU
		{0168274B-58EF-4295-AAB0-9CCD3B80A6B2}.Debug|Any CPU.ActiveCfg = Debug|Any CPU
		{0168274B-58EF-4295-AAB0-9CCD3B80A6B2}.Debug|Any CPU.Build.0 = Debug|Any CPU
		{0168274B-58EF-4295-AAB0-9CCD3B80A6B2}.Debug|x64.ActiveCfg = Debug|Any CPU
		{0168274B-58EF-4295-AAB0-9CCD3B80A6B2}.Debug|x86.ActiveCfg = Debug|Any CPU
		{0168274B-58EF-4295-AAB0-9CCD3B80A6B2}.Debug|x86.Build.0 = Debug|Any CPU
		{0168274B-58EF-4295-AAB0-9CCD3B80A6B2}.Release|Any CPU.ActiveCfg = Release|Any CPU
		{0168274B-58EF-4295-AAB0-9CCD3B80A6B2}.Release|Any CPU.Build.0 = Release|Any CPU
		{0168274B-58EF-4295-AAB0-9CCD3B80A6B2}.Release|x64.ActiveCfg = Release|Any CPU
		{0168274B-58EF-4295-AAB0-9CCD3B80A6B2}.Release|x86.ActiveCfg = Release|Any CPU
		{0168274B-58EF-4295-AAB0-9CCD3B80A6B2}.X64|Any CPU.ActiveCfg = Release|Any CPU
		{0168274B-58EF-4295-AAB0-9CCD3B80A6B2}.X64|Any CPU.Build.0 = Release|Any CPU
		{0168274B-58EF-4295-AAB0-9CCD3B80A6B2}.X64|x64.ActiveCfg = Release|Any CPU
		{0168274B-58EF-4295-AAB0-9CCD3B80A6B2}.X64|x86.ActiveCfg = Release|Any CPU
		{FB2296DF-7194-4EF9-ADE2-A4F320DA1C7A}.Debug|Any CPU.ActiveCfg = Debug|Any CPU
		{FB2296DF-7194-4EF9-ADE2-A4F320DA1C7A}.Debug|Any CPU.Build.0 = Debug|Any CPU
		{FB2296DF-7194-4EF9-ADE2-A4F320DA1C7A}.Debug|x64.ActiveCfg = Debug|Any CPU
		{FB2296DF-7194-4EF9-ADE2-A4F320DA1C7A}.Debug|x86.ActiveCfg = Debug|Any CPU
		{FB2296DF-7194-4EF9-ADE2-A4F320DA1C7A}.Debug|x86.Build.0 = Debug|Any CPU
		{FB2296DF-7194-4EF9-ADE2-A4F320DA1C7A}.Release|Any CPU.ActiveCfg = Release|Any CPU
		{FB2296DF-7194-4EF9-ADE2-A4F320DA1C7A}.Release|Any CPU.Build.0 = Release|Any CPU
		{FB2296DF-7194-4EF9-ADE2-A4F320DA1C7A}.Release|x64.ActiveCfg = Release|Any CPU
		{FB2296DF-7194-4EF9-ADE2-A4F320DA1C7A}.Release|x86.ActiveCfg = Release|Any CPU
		{FB2296DF-7194-4EF9-ADE2-A4F320DA1C7A}.X64|Any CPU.ActiveCfg = Release|Any CPU
		{FB2296DF-7194-4EF9-ADE2-A4F320DA1C7A}.X64|Any CPU.Build.0 = Release|Any CPU
		{FB2296DF-7194-4EF9-ADE2-A4F320DA1C7A}.X64|x64.ActiveCfg = Release|Any CPU
		{FB2296DF-7194-4EF9-ADE2-A4F320DA1C7A}.X64|x86.ActiveCfg = Release|Any CPU
		{13E7D25B-E865-44C9-BAFB-EE66C45F75A5}.Debug|Any CPU.ActiveCfg = Debug|Any CPU
		{13E7D25B-E865-44C9-BAFB-EE66C45F75A5}.Debug|Any CPU.Build.0 = Debug|Any CPU
		{13E7D25B-E865-44C9-BAFB-EE66C45F75A5}.Debug|x64.ActiveCfg = Debug|Any CPU
		{13E7D25B-E865-44C9-BAFB-EE66C45F75A5}.Debug|x86.ActiveCfg = Debug|Any CPU
		{13E7D25B-E865-44C9-BAFB-EE66C45F75A5}.Debug|x86.Build.0 = Debug|Any CPU
		{13E7D25B-E865-44C9-BAFB-EE66C45F75A5}.Release|Any CPU.ActiveCfg = Release|Any CPU
		{13E7D25B-E865-44C9-BAFB-EE66C45F75A5}.Release|Any CPU.Build.0 = Release|Any CPU
		{13E7D25B-E865-44C9-BAFB-EE66C45F75A5}.Release|x64.ActiveCfg = Release|Any CPU
		{13E7D25B-E865-44C9-BAFB-EE66C45F75A5}.Release|x86.ActiveCfg = Release|Any CPU
		{13E7D25B-E865-44C9-BAFB-EE66C45F75A5}.X64|Any CPU.ActiveCfg = Release|Any CPU
		{13E7D25B-E865-44C9-BAFB-EE66C45F75A5}.X64|Any CPU.Build.0 = Release|Any CPU
		{13E7D25B-E865-44C9-BAFB-EE66C45F75A5}.X64|x64.ActiveCfg = Release|Any CPU
		{13E7D25B-E865-44C9-BAFB-EE66C45F75A5}.X64|x86.ActiveCfg = Release|Any CPU
		{5A7CF656-4088-4887-A2DC-C9D62C289273}.Debug|Any CPU.ActiveCfg = Debug|Any CPU
		{5A7CF656-4088-4887-A2DC-C9D62C289273}.Debug|Any CPU.Build.0 = Debug|Any CPU
		{5A7CF656-4088-4887-A2DC-C9D62C289273}.Debug|x64.ActiveCfg = Debug|x64
		{5A7CF656-4088-4887-A2DC-C9D62C289273}.Debug|x64.Build.0 = Debug|x64
		{5A7CF656-4088-4887-A2DC-C9D62C289273}.Debug|x86.ActiveCfg = Debug|Any CPU
		{5A7CF656-4088-4887-A2DC-C9D62C289273}.Debug|x86.Build.0 = Debug|Any CPU
		{5A7CF656-4088-4887-A2DC-C9D62C289273}.Release|Any CPU.ActiveCfg = Release|Any CPU
		{5A7CF656-4088-4887-A2DC-C9D62C289273}.Release|Any CPU.Build.0 = Release|Any CPU
		{5A7CF656-4088-4887-A2DC-C9D62C289273}.Release|x64.ActiveCfg = Release|x64
		{5A7CF656-4088-4887-A2DC-C9D62C289273}.Release|x64.Build.0 = Release|x64
		{5A7CF656-4088-4887-A2DC-C9D62C289273}.Release|x86.ActiveCfg = Release|x64
		{5A7CF656-4088-4887-A2DC-C9D62C289273}.X64|Any CPU.ActiveCfg = X64|Any CPU
		{5A7CF656-4088-4887-A2DC-C9D62C289273}.X64|Any CPU.Build.0 = X64|Any CPU
		{5A7CF656-4088-4887-A2DC-C9D62C289273}.X64|x64.ActiveCfg = X64|x64
		{5A7CF656-4088-4887-A2DC-C9D62C289273}.X64|x64.Build.0 = X64|x64
		{5A7CF656-4088-4887-A2DC-C9D62C289273}.X64|x86.ActiveCfg = X64|x64
	EndGlobalSection
	GlobalSection(SolutionProperties) = preSolution
		HideSolutionNode = FALSE
	EndGlobalSection
EndGlobal
